
Microsoft Visual Studio Solution File, Format Version 12.00
# Visual Studio Version 17
VisualStudioVersion = 17.6.33723.286
MinimumVisualStudioVersion = 10.0.40219.1
Project("{FAE04EC0-301F-11D3-BF4B-00C04F79EFBC}") = "Validation", "Validation\Validation.csproj", "{0186DCB1-AD2A-47D2-93E0-9A4C8DD3A391}"
EndProject
Global
	GlobalSection(SolutionConfigurationPlatforms) = preSolution
		Debug|Any CPU = Debug|Any CPU
		Release|Any CPU = Release|Any CPU
	EndGlobalSection
	GlobalSection(ProjectConfigurationPlatforms) = postSolution
		{0186DCB1-AD2A-47D2-93E0-9A4C8DD3A391}.Debug|Any CPU.ActiveCfg = Debug|Any CPU
		{0186DCB1-AD2A-47D2-93E0-9A4C8DD3A391}.Debug|Any CPU.Build.0 = Debug|Any CPU
		{0186DCB1-AD2A-47D2-93E0-9A4C8DD3A391}.Release|Any CPU.ActiveCfg = Release|Any CPU
		{0186DCB1-AD2A-47D2-93E0-9A4C8DD3A391}.Release|Any CPU.Build.0 = Release|Any CPU
	EndGlobalSection
	GlobalSection(SolutionProperties) = preSolution
		HideSolutionNode = FALSE
	EndGlobalSection
	GlobalSection(ExtensibilityGlobals) = postSolution
		SolutionGuid = {44E6C624-9DB4-4478-B382-1626D60698CE}
	EndGlobalSection
EndGlobal
