
Microsoft Visual Studio Solution File, Format Version 12.00
# Visual Studio Version 17
VisualStudioVersion = 17.5.33502.453
MinimumVisualStudioVersion = 10.0.40219.1
Project("{FAE04EC0-301F-11D3-BF4B-00C04F79EFBC}") = "method overloading", "method overloading\method overloading.csproj", "{8293F3C8-CF12-4B65-8C04-E97622C68EC7}"
EndProject
Global
	GlobalSection(SolutionConfigurationPlatforms) = preSolution
		Debug|Any CPU = Debug|Any CPU
		Release|Any CPU = Release|Any CPU
	EndGlobalSection
	GlobalSection(ProjectConfigurationPlatforms) = postSolution
		{8293F3C8-CF12-4B65-8C04-E97622C68EC7}.Debug|Any CPU.ActiveCfg = Debug|Any CPU
		{8293F3C8-CF12-4B65-8C04-E97622C68EC7}.Debug|Any CPU.Build.0 = Debug|Any CPU
		{8293F3C8-CF12-4B65-8C04-E97622C68EC7}.Release|Any CPU.ActiveCfg = Release|Any CPU
		{8293F3C8-CF12-4B65-8C04-E97622C68EC7}.Release|Any CPU.Build.0 = Release|Any CPU
	EndGlobalSection
	GlobalSection(SolutionProperties) = preSolution
		HideSolutionNode = FALSE
	EndGlobalSection
	GlobalSection(ExtensibilityGlobals) = postSolution
		SolutionGuid = {27E029C4-5117-43E5-8F71-787416DB9B46}
	EndGlobalSection
EndGlobal
