
Microsoft Visual Studio Solution File, Format Version 12.00
# Visual Studio Version 17
VisualStudioVersion = 17.6.33723.286
MinimumVisualStudioVersion = 10.0.40219.1
Project("{FAE04EC0-301F-11D3-BF4B-00C04F79EFBC}") = "ASPproj3", "ASPproj3\ASPproj3.csproj", "{FD2DCC11-DC15-4AE3-9BE4-FF5EF85591F5}"
EndProject
Global
	GlobalSection(SolutionConfigurationPlatforms) = preSolution
		Debug|Any CPU = Debug|Any CPU
		Release|Any CPU = Release|Any CPU
	EndGlobalSection
	GlobalSection(ProjectConfigurationPlatforms) = postSolution
		{FD2DCC11-DC15-4AE3-9BE4-FF5EF85591F5}.Debug|Any CPU.ActiveCfg = Debug|Any CPU
		{FD2DCC11-DC15-4AE3-9BE4-FF5EF85591F5}.Debug|Any CPU.Build.0 = Debug|Any CPU
		{FD2DCC11-DC15-4AE3-9BE4-FF5EF85591F5}.Release|Any CPU.ActiveCfg = Release|Any CPU
		{FD2DCC11-DC15-4AE3-9BE4-FF5EF85591F5}.Release|Any CPU.Build.0 = Release|Any CPU
	EndGlobalSection
	GlobalSection(SolutionProperties) = preSolution
		HideSolutionNode = FALSE
	EndGlobalSection
	GlobalSection(ExtensibilityGlobals) = postSolution
		SolutionGuid = {9FFBC7A4-928B-4690-8B14-204B90FA0CC6}
	EndGlobalSection
EndGlobal
