
Microsoft Visual Studio Solution File, Format Version 12.00
# Visual Studio Version 17
VisualStudioVersion = 17.5.33502.453
MinimumVisualStudioVersion = 10.0.40219.1
Project("{FAE04EC0-301F-11D3-BF4B-00C04F79EFBC}") = "total andgrade", "total andgrade\total andgrade.csproj", "{4A1CACE4-D8D4-4DE9-9E45-45542A8D9325}"
EndProject
Global
	GlobalSection(SolutionConfigurationPlatforms) = preSolution
		Debug|Any CPU = Debug|Any CPU
		Release|Any CPU = Release|Any CPU
	EndGlobalSection
	GlobalSection(ProjectConfigurationPlatforms) = postSolution
		{4A1CACE4-D8D4-4DE9-9E45-45542A8D9325}.Debug|Any CPU.ActiveCfg = Debug|Any CPU
		{4A1CACE4-D8D4-4DE9-9E45-45542A8D9325}.Debug|Any CPU.Build.0 = Debug|Any CPU
		{4A1CACE4-D8D4-4DE9-9E45-45542A8D9325}.Release|Any CPU.ActiveCfg = Release|Any CPU
		{4A1CACE4-D8D4-4DE9-9E45-45542A8D9325}.Release|Any CPU.Build.0 = Release|Any CPU
	EndGlobalSection
	GlobalSection(SolutionProperties) = preSolution
		HideSolutionNode = FALSE
	EndGlobalSection
	GlobalSection(ExtensibilityGlobals) = postSolution
		SolutionGuid = {23BFB062-7409-448C-BD8B-E81F9F18817A}
	EndGlobalSection
EndGlobal
