
Microsoft Visual Studio Solution File, Format Version 12.00
# Visual Studio Version 17
VisualStudioVersion = 17.5.33502.453
MinimumVisualStudioVersion = 10.0.40219.1
Project("{FAE04EC0-301F-11D3-BF4B-00C04F79EFBC}") = "method1", "method1\method1.csproj", "{D217D9CC-AA54-46D2-B259-726227C7EFFA}"
EndProject
Global
	GlobalSection(SolutionConfigurationPlatforms) = preSolution
		Debug|Any CPU = Debug|Any CPU
		Release|Any CPU = Release|Any CPU
	EndGlobalSection
	GlobalSection(ProjectConfigurationPlatforms) = postSolution
		{D217D9CC-AA54-46D2-B259-726227C7EFFA}.Debug|Any CPU.ActiveCfg = Debug|Any CPU
		{D217D9CC-AA54-46D2-B259-726227C7EFFA}.Debug|Any CPU.Build.0 = Debug|Any CPU
		{D217D9CC-AA54-46D2-B259-726227C7EFFA}.Release|Any CPU.ActiveCfg = Release|Any CPU
		{D217D9CC-AA54-46D2-B259-726227C7EFFA}.Release|Any CPU.Build.0 = Release|Any CPU
	EndGlobalSection
	GlobalSection(SolutionProperties) = preSolution
		HideSolutionNode = FALSE
	EndGlobalSection
	GlobalSection(ExtensibilityGlobals) = postSolution
		SolutionGuid = {1144ED7C-B480-4B4B-B108-6B172E414D7C}
	EndGlobalSection
EndGlobal
