
Microsoft Visual Studio Solution File, Format Version 12.00
# Visual Studio Version 17
VisualStudioVersion = 17.5.33502.453
MinimumVisualStudioVersion = 10.0.40219.1
Project("{FAE04EC0-301F-11D3-BF4B-00C04F79EFBC}") = "resultof3subject", "resultof3subject\resultof3subject.csproj", "{E007437D-CFC7-41AC-960B-0476BA1AB29B}"
EndProject
Global
	GlobalSection(SolutionConfigurationPlatforms) = preSolution
		Debug|Any CPU = Debug|Any CPU
		Release|Any CPU = Release|Any CPU
	EndGlobalSection
	GlobalSection(ProjectConfigurationPlatforms) = postSolution
		{E007437D-CFC7-41AC-960B-0476BA1AB29B}.Debug|Any CPU.ActiveCfg = Debug|Any CPU
		{E007437D-CFC7-41AC-960B-0476BA1AB29B}.Debug|Any CPU.Build.0 = Debug|Any CPU
		{E007437D-CFC7-41AC-960B-0476BA1AB29B}.Release|Any CPU.ActiveCfg = Release|Any CPU
		{E007437D-CFC7-41AC-960B-0476BA1AB29B}.Release|Any CPU.Build.0 = Release|Any CPU
	EndGlobalSection
	GlobalSection(SolutionProperties) = preSolution
		HideSolutionNode = FALSE
	EndGlobalSection
	GlobalSection(ExtensibilityGlobals) = postSolution
		SolutionGuid = {8C44EAF8-9B82-4582-8DEF-18019F3B0F7A}
	EndGlobalSection
EndGlobal
