
Microsoft Visual Studio Solution File, Format Version 12.00
# Visual Studio Version 17
VisualStudioVersion = 17.5.33502.453
MinimumVisualStudioVersion = 10.0.40219.1
Project("{FAE04EC0-301F-11D3-BF4B-00C04F79EFBC}") = "int array", "int array\int array.csproj", "{62B052C6-9CF8-4DC8-AC40-78087F058FDA}"
EndProject
Global
	GlobalSection(SolutionConfigurationPlatforms) = preSolution
		Debug|Any CPU = Debug|Any CPU
		Release|Any CPU = Release|Any CPU
	EndGlobalSection
	GlobalSection(ProjectConfigurationPlatforms) = postSolution
		{62B052C6-9CF8-4DC8-AC40-78087F058FDA}.Debug|Any CPU.ActiveCfg = Debug|Any CPU
		{62B052C6-9CF8-4DC8-AC40-78087F058FDA}.Debug|Any CPU.Build.0 = Debug|Any CPU
		{62B052C6-9CF8-4DC8-AC40-78087F058FDA}.Release|Any CPU.ActiveCfg = Release|Any CPU
		{62B052C6-9CF8-4DC8-AC40-78087F058FDA}.Release|Any CPU.Build.0 = Release|Any CPU
	EndGlobalSection
	GlobalSection(SolutionProperties) = preSolution
		HideSolutionNode = FALSE
	EndGlobalSection
	GlobalSection(ExtensibilityGlobals) = postSolution
		SolutionGuid = {8D1B0805-8B27-40D7-B3B3-E3DBB2AD6231}
	EndGlobalSection
EndGlobal
