
Microsoft Visual Studio Solution File, Format Version 12.00
# Visual Studio Version 17
VisualStudioVersion = 17.5.33502.453
MinimumVisualStudioVersion = 10.0.40219.1
Project("{FAE04EC0-301F-11D3-BF4B-00C04F79EFBC}") = "ifelse prog2", "ifelse prog2\ifelse prog2.csproj", "{1DFE2E9B-387D-440D-96DF-E679F2BCEE1D}"
EndProject
Global
	GlobalSection(SolutionConfigurationPlatforms) = preSolution
		Debug|Any CPU = Debug|Any CPU
		Release|Any CPU = Release|Any CPU
	EndGlobalSection
	GlobalSection(ProjectConfigurationPlatforms) = postSolution
		{1DFE2E9B-387D-440D-96DF-E679F2BCEE1D}.Debug|Any CPU.ActiveCfg = Debug|Any CPU
		{1DFE2E9B-387D-440D-96DF-E679F2BCEE1D}.Debug|Any CPU.Build.0 = Debug|Any CPU
		{1DFE2E9B-387D-440D-96DF-E679F2BCEE1D}.Release|Any CPU.ActiveCfg = Release|Any CPU
		{1DFE2E9B-387D-440D-96DF-E679F2BCEE1D}.Release|Any CPU.Build.0 = Release|Any CPU
	EndGlobalSection
	GlobalSection(SolutionProperties) = preSolution
		HideSolutionNode = FALSE
	EndGlobalSection
	GlobalSection(ExtensibilityGlobals) = postSolution
		SolutionGuid = {16B021F0-6B34-479B-9919-C406B042BBA7}
	EndGlobalSection
EndGlobal
