
Microsoft Visual Studio Solution File, Format Version 12.00
# Visual Studio Version 17
VisualStudioVersion = 17.6.33723.286
MinimumVisualStudioVersion = 10.0.40219.1
Project("{FAE04EC0-301F-11D3-BF4B-00C04F79EFBC}") = "ProductDropdown", "ProductDropdown\ProductDropdown.csproj", "{B5A0CE82-D8B1-4320-9CF4-9C8C295C2E6F}"
EndProject
Global
	GlobalSection(SolutionConfigurationPlatforms) = preSolution
		Debug|Any CPU = Debug|Any CPU
		Release|Any CPU = Release|Any CPU
	EndGlobalSection
	GlobalSection(ProjectConfigurationPlatforms) = postSolution
		{B5A0CE82-D8B1-4320-9CF4-9C8C295C2E6F}.Debug|Any CPU.ActiveCfg = Debug|Any CPU
		{B5A0CE82-D8B1-4320-9CF4-9C8C295C2E6F}.Debug|Any CPU.Build.0 = Debug|Any CPU
		{B5A0CE82-D8B1-4320-9CF4-9C8C295C2E6F}.Release|Any CPU.ActiveCfg = Release|Any CPU
		{B5A0CE82-D8B1-4320-9CF4-9C8C295C2E6F}.Release|Any CPU.Build.0 = Release|Any CPU
	EndGlobalSection
	GlobalSection(SolutionProperties) = preSolution
		HideSolutionNode = FALSE
	EndGlobalSection
	GlobalSection(ExtensibilityGlobals) = postSolution
		SolutionGuid = {54BC717C-4F91-49D7-B205-3ACE1EA5E0A9}
	EndGlobalSection
EndGlobal
