
Microsoft Visual Studio Solution File, Format Version 12.00
# Visual Studio Version 17
VisualStudioVersion = 17.6.33723.286
MinimumVisualStudioVersion = 10.0.40219.1
Project("{FAE04EC0-301F-11D3-BF4B-00C04F79EFBC}") = "WebApi", "WebApi\WebApi.csproj", "{638F2846-08B0-48F5-8270-1E425F7EF755}"
EndProject
Global
	GlobalSection(SolutionConfigurationPlatforms) = preSolution
		Debug|Any CPU = Debug|Any CPU
		Release|Any CPU = Release|Any CPU
	EndGlobalSection
	GlobalSection(ProjectConfigurationPlatforms) = postSolution
		{638F2846-08B0-48F5-8270-1E425F7EF755}.Debug|Any CPU.ActiveCfg = Debug|Any CPU
		{638F2846-08B0-48F5-8270-1E425F7EF755}.Debug|Any CPU.Build.0 = Debug|Any CPU
		{638F2846-08B0-48F5-8270-1E425F7EF755}.Release|Any CPU.ActiveCfg = Release|Any CPU
		{638F2846-08B0-48F5-8270-1E425F7EF755}.Release|Any CPU.Build.0 = Release|Any CPU
	EndGlobalSection
	GlobalSection(SolutionProperties) = preSolution
		HideSolutionNode = FALSE
	EndGlobalSection
	GlobalSection(ExtensibilityGlobals) = postSolution
		SolutionGuid = {DDF2BF5B-8705-4A09-B6CC-6F4F7769E988}
	EndGlobalSection
EndGlobal
