
Microsoft Visual Studio Solution File, Format Version 12.00
# Visual Studio Version 17
VisualStudioVersion = 17.5.33502.453
MinimumVisualStudioVersion = 10.0.40219.1
Project("{FAE04EC0-301F-11D3-BF4B-00C04F79EFBC}") = "singlelevel inheritsmethodonly", "singlelevel inheritsmethodonly\singlelevel inheritsmethodonly.csproj", "{65CB5E86-30B5-4FD9-95D1-C580CA5AE634}"
EndProject
Global
	GlobalSection(SolutionConfigurationPlatforms) = preSolution
		Debug|Any CPU = Debug|Any CPU
		Release|Any CPU = Release|Any CPU
	EndGlobalSection
	GlobalSection(ProjectConfigurationPlatforms) = postSolution
		{65CB5E86-30B5-4FD9-95D1-C580CA5AE634}.Debug|Any CPU.ActiveCfg = Debug|Any CPU
		{65CB5E86-30B5-4FD9-95D1-C580CA5AE634}.Debug|Any CPU.Build.0 = Debug|Any CPU
		{65CB5E86-30B5-4FD9-95D1-C580CA5AE634}.Release|Any CPU.ActiveCfg = Release|Any CPU
		{65CB5E86-30B5-4FD9-95D1-C580CA5AE634}.Release|Any CPU.Build.0 = Release|Any CPU
	EndGlobalSection
	GlobalSection(SolutionProperties) = preSolution
		HideSolutionNode = FALSE
	EndGlobalSection
	GlobalSection(ExtensibilityGlobals) = postSolution
		SolutionGuid = {D8F09AFC-E0FB-4E89-9B10-B3C7CF5C510F}
	EndGlobalSection
EndGlobal
