
Microsoft Visual Studio Solution File, Format Version 12.00
# Visual Studio Version 17
VisualStudioVersion = 17.5.33502.453
MinimumVisualStudioVersion = 10.0.40219.1
Project("{FAE04EC0-301F-11D3-BF4B-00C04F79EFBC}") = "smaller number", "smaller number\smaller number.csproj", "{7CBBB0FF-2360-4A93-847C-CE3B1AFF6D2B}"
EndProject
Global
	GlobalSection(SolutionConfigurationPlatforms) = preSolution
		Debug|Any CPU = Debug|Any CPU
		Release|Any CPU = Release|Any CPU
	EndGlobalSection
	GlobalSection(ProjectConfigurationPlatforms) = postSolution
		{7CBBB0FF-2360-4A93-847C-CE3B1AFF6D2B}.Debug|Any CPU.ActiveCfg = Debug|Any CPU
		{7CBBB0FF-2360-4A93-847C-CE3B1AFF6D2B}.Debug|Any CPU.Build.0 = Debug|Any CPU
		{7CBBB0FF-2360-4A93-847C-CE3B1AFF6D2B}.Release|Any CPU.ActiveCfg = Release|Any CPU
		{7CBBB0FF-2360-4A93-847C-CE3B1AFF6D2B}.Release|Any CPU.Build.0 = Release|Any CPU
	EndGlobalSection
	GlobalSection(SolutionProperties) = preSolution
		HideSolutionNode = FALSE
	EndGlobalSection
	GlobalSection(ExtensibilityGlobals) = postSolution
		SolutionGuid = {792F1ABA-7413-4490-A066-031B17584381}
	EndGlobalSection
EndGlobal
