
Microsoft Visual Studio Solution File, Format Version 12.00
# Visual Studio Version 17
VisualStudioVersion = 17.6.33723.286
MinimumVisualStudioVersion = 10.0.40219.1
Project("{FAE04EC0-301F-11D3-BF4B-00C04F79EFBC}") = "Masterpage", "Masterpage\Masterpage.csproj", "{E5BA3F58-E8B0-445C-8D92-9A21526D3E4F}"
EndProject
Global
	GlobalSection(SolutionConfigurationPlatforms) = preSolution
		Debug|Any CPU = Debug|Any CPU
		Release|Any CPU = Release|Any CPU
	EndGlobalSection
	GlobalSection(ProjectConfigurationPlatforms) = postSolution
		{E5BA3F58-E8B0-445C-8D92-9A21526D3E4F}.Debug|Any CPU.ActiveCfg = Debug|Any CPU
		{E5BA3F58-E8B0-445C-8D92-9A21526D3E4F}.Debug|Any CPU.Build.0 = Debug|Any CPU
		{E5BA3F58-E8B0-445C-8D92-9A21526D3E4F}.Release|Any CPU.ActiveCfg = Release|Any CPU
		{E5BA3F58-E8B0-445C-8D92-9A21526D3E4F}.Release|Any CPU.Build.0 = Release|Any CPU
	EndGlobalSection
	GlobalSection(SolutionProperties) = preSolution
		HideSolutionNode = FALSE
	EndGlobalSection
	GlobalSection(ExtensibilityGlobals) = postSolution
		SolutionGuid = {AF3F8B99-B30E-4F04-914F-0B67F26E3513}
	EndGlobalSection
EndGlobal
