
Microsoft Visual Studio Solution File, Format Version 12.00
# Visual Studio Version 17
VisualStudioVersion = 17.5.33502.453
MinimumVisualStudioVersion = 10.0.40219.1
Project("{FAE04EC0-301F-11D3-BF4B-00C04F79EFBC}") = "clearmethod", "clearmethod\clearmethod.csproj", "{FE8AB0BF-AFC3-4F82-BF6D-67E56CD72F95}"
EndProject
Global
	GlobalSection(SolutionConfigurationPlatforms) = preSolution
		Debug|Any CPU = Debug|Any CPU
		Release|Any CPU = Release|Any CPU
	EndGlobalSection
	GlobalSection(ProjectConfigurationPlatforms) = postSolution
		{FE8AB0BF-AFC3-4F82-BF6D-67E56CD72F95}.Debug|Any CPU.ActiveCfg = Debug|Any CPU
		{FE8AB0BF-AFC3-4F82-BF6D-67E56CD72F95}.Debug|Any CPU.Build.0 = Debug|Any CPU
		{FE8AB0BF-AFC3-4F82-BF6D-67E56CD72F95}.Release|Any CPU.ActiveCfg = Release|Any CPU
		{FE8AB0BF-AFC3-4F82-BF6D-67E56CD72F95}.Release|Any CPU.Build.0 = Release|Any CPU
	EndGlobalSection
	GlobalSection(SolutionProperties) = preSolution
		HideSolutionNode = FALSE
	EndGlobalSection
	GlobalSection(ExtensibilityGlobals) = postSolution
		SolutionGuid = {F0F152FA-C42F-4241-BD76-1D8AEE9D0578}
	EndGlobalSection
EndGlobal
