
Microsoft Visual Studio Solution File, Format Version 12.00
# Visual Studio Version 17
VisualStudioVersion = 17.5.33502.453
MinimumVisualStudioVersion = 10.0.40219.1
Project("{FAE04EC0-301F-11D3-BF4B-00C04F79EFBC}") = "recursion3", "recursion3.csproj", "{CBB6C235-561A-4CA3-A772-D87089599799}"
EndProject
Global
	GlobalSection(SolutionConfigurationPlatforms) = preSolution
		Debug|Any CPU = Debug|Any CPU
		Release|Any CPU = Release|Any CPU
	EndGlobalSection
	GlobalSection(ProjectConfigurationPlatforms) = postSolution
		{CBB6C235-561A-4CA3-A772-D87089599799}.Debug|Any CPU.ActiveCfg = Debug|Any CPU
		{CBB6C235-561A-4CA3-A772-D87089599799}.Debug|Any CPU.Build.0 = Debug|Any CPU
		{CBB6C235-561A-4CA3-A772-D87089599799}.Release|Any CPU.ActiveCfg = Release|Any CPU
		{CBB6C235-561A-4CA3-A772-D87089599799}.Release|Any CPU.Build.0 = Release|Any CPU
	EndGlobalSection
	GlobalSection(SolutionProperties) = preSolution
		HideSolutionNode = FALSE
	EndGlobalSection
	GlobalSection(ExtensibilityGlobals) = postSolution
		SolutionGuid = {233FE7D1-CC7B-4863-9FC2-3311ACB0AF36}
	EndGlobalSection
EndGlobal
