
Microsoft Visual Studio Solution File, Format Version 12.00
# Visual Studio Version 17
VisualStudioVersion = 17.5.33502.453
MinimumVisualStudioVersion = 10.0.40219.1
Project("{FAE04EC0-301F-11D3-BF4B-00C04F79EFBC}") = "4 prog", "4 prog\4 prog.csproj", "{ED0C1C0E-8843-451A-9878-2A967BC0D2E5}"
EndProject
Global
	GlobalSection(SolutionConfigurationPlatforms) = preSolution
		Debug|Any CPU = Debug|Any CPU
		Release|Any CPU = Release|Any CPU
	EndGlobalSection
	GlobalSection(ProjectConfigurationPlatforms) = postSolution
		{ED0C1C0E-8843-451A-9878-2A967BC0D2E5}.Debug|Any CPU.ActiveCfg = Debug|Any CPU
		{ED0C1C0E-8843-451A-9878-2A967BC0D2E5}.Debug|Any CPU.Build.0 = Debug|Any CPU
		{ED0C1C0E-8843-451A-9878-2A967BC0D2E5}.Release|Any CPU.ActiveCfg = Release|Any CPU
		{ED0C1C0E-8843-451A-9878-2A967BC0D2E5}.Release|Any CPU.Build.0 = Release|Any CPU
	EndGlobalSection
	GlobalSection(SolutionProperties) = preSolution
		HideSolutionNode = FALSE
	EndGlobalSection
	GlobalSection(ExtensibilityGlobals) = postSolution
		SolutionGuid = {A55AB69F-4C35-422B-9089-10821BBFB188}
	EndGlobalSection
EndGlobal
