
Microsoft Visual Studio Solution File, Format Version 12.00
# Visual Studio Version 17
VisualStudioVersion = 17.6.33723.286
MinimumVisualStudioVersion = 10.0.40219.1
Project("{FAE04EC0-301F-11D3-BF4B-00C04F79EFBC}") = "WebApiProduct", "WebApiProduct\WebApiProduct.csproj", "{771DEF4B-7C9E-4599-9402-27ECE9ED63B9}"
EndProject
Global
	GlobalSection(SolutionConfigurationPlatforms) = preSolution
		Debug|Any CPU = Debug|Any CPU
		Release|Any CPU = Release|Any CPU
	EndGlobalSection
	GlobalSection(ProjectConfigurationPlatforms) = postSolution
		{771DEF4B-7C9E-4599-9402-27ECE9ED63B9}.Debug|Any CPU.ActiveCfg = Debug|Any CPU
		{771DEF4B-7C9E-4599-9402-27ECE9ED63B9}.Debug|Any CPU.Build.0 = Debug|Any CPU
		{771DEF4B-7C9E-4599-9402-27ECE9ED63B9}.Release|Any CPU.ActiveCfg = Release|Any CPU
		{771DEF4B-7C9E-4599-9402-27ECE9ED63B9}.Release|Any CPU.Build.0 = Release|Any CPU
	EndGlobalSection
	GlobalSection(SolutionProperties) = preSolution
		HideSolutionNode = FALSE
	EndGlobalSection
	GlobalSection(ExtensibilityGlobals) = postSolution
		SolutionGuid = {E64A0525-C193-4223-AB25-30057041FC75}
	EndGlobalSection
EndGlobal
