
Microsoft Visual Studio Solution File, Format Version 12.00
# Visual Studio Version 17
VisualStudioVersion = 17.6.33723.286
MinimumVisualStudioVersion = 10.0.40219.1
Project("{FAE04EC0-301F-11D3-BF4B-00C04F79EFBC}") = "Cascading", "Cascading\Cascading.csproj", "{A3158C75-37B6-406C-A709-F1ED5FA8640D}"
EndProject
Global
	GlobalSection(SolutionConfigurationPlatforms) = preSolution
		Debug|Any CPU = Debug|Any CPU
		Release|Any CPU = Release|Any CPU
	EndGlobalSection
	GlobalSection(ProjectConfigurationPlatforms) = postSolution
		{A3158C75-37B6-406C-A709-F1ED5FA8640D}.Debug|Any CPU.ActiveCfg = Debug|Any CPU
		{A3158C75-37B6-406C-A709-F1ED5FA8640D}.Debug|Any CPU.Build.0 = Debug|Any CPU
		{A3158C75-37B6-406C-A709-F1ED5FA8640D}.Release|Any CPU.ActiveCfg = Release|Any CPU
		{A3158C75-37B6-406C-A709-F1ED5FA8640D}.Release|Any CPU.Build.0 = Release|Any CPU
	EndGlobalSection
	GlobalSection(SolutionProperties) = preSolution
		HideSolutionNode = FALSE
	EndGlobalSection
	GlobalSection(ExtensibilityGlobals) = postSolution
		SolutionGuid = {DD8AC6C3-B269-41FE-924E-C1CFA8DF4C5A}
	EndGlobalSection
EndGlobal
