
Microsoft Visual Studio Solution File, Format Version 12.00
# Visual Studio Version 17
VisualStudioVersion = 17.5.33502.453
MinimumVisualStudioVersion = 10.0.40219.1
Project("{FAE04EC0-301F-11D3-BF4B-00C04F79EFBC}") = "area byoutputparameter", "area byoutputparameter\area byoutputparameter.csproj", "{5B1AC860-976B-4E43-8D83-937221EF1D96}"
EndProject
Global
	GlobalSection(SolutionConfigurationPlatforms) = preSolution
		Debug|Any CPU = Debug|Any CPU
		Release|Any CPU = Release|Any CPU
	EndGlobalSection
	GlobalSection(ProjectConfigurationPlatforms) = postSolution
		{5B1AC860-976B-4E43-8D83-937221EF1D96}.Debug|Any CPU.ActiveCfg = Debug|Any CPU
		{5B1AC860-976B-4E43-8D83-937221EF1D96}.Debug|Any CPU.Build.0 = Debug|Any CPU
		{5B1AC860-976B-4E43-8D83-937221EF1D96}.Release|Any CPU.ActiveCfg = Release|Any CPU
		{5B1AC860-976B-4E43-8D83-937221EF1D96}.Release|Any CPU.Build.0 = Release|Any CPU
	EndGlobalSection
	GlobalSection(SolutionProperties) = preSolution
		HideSolutionNode = FALSE
	EndGlobalSection
	GlobalSection(ExtensibilityGlobals) = postSolution
		SolutionGuid = {1FDC0B6F-32BF-4985-B33E-BC3F766A1C37}
	EndGlobalSection
EndGlobal
