
Microsoft Visual Studio Solution File, Format Version 12.00
# Visual Studio Version 17
VisualStudioVersion = 17.5.33502.453
MinimumVisualStudioVersion = 10.0.40219.1
Project("{FAE04EC0-301F-11D3-BF4B-00C04F79EFBC}") = "bankoops", "bankoops\bankoops.csproj", "{23C117DA-C627-438D-A4EE-98F2C312A1A7}"
EndProject
Global
	GlobalSection(SolutionConfigurationPlatforms) = preSolution
		Debug|Any CPU = Debug|Any CPU
		Release|Any CPU = Release|Any CPU
	EndGlobalSection
	GlobalSection(ProjectConfigurationPlatforms) = postSolution
		{23C117DA-C627-438D-A4EE-98F2C312A1A7}.Debug|Any CPU.ActiveCfg = Debug|Any CPU
		{23C117DA-C627-438D-A4EE-98F2C312A1A7}.Debug|Any CPU.Build.0 = Debug|Any CPU
		{23C117DA-C627-438D-A4EE-98F2C312A1A7}.Release|Any CPU.ActiveCfg = Release|Any CPU
		{23C117DA-C627-438D-A4EE-98F2C312A1A7}.Release|Any CPU.Build.0 = Release|Any CPU
	EndGlobalSection
	GlobalSection(SolutionProperties) = preSolution
		HideSolutionNode = FALSE
	EndGlobalSection
	GlobalSection(ExtensibilityGlobals) = postSolution
		SolutionGuid = {B4C3D409-0447-4270-969A-40CE14C55303}
	EndGlobalSection
EndGlobal
