
Microsoft Visual Studio Solution File, Format Version 12.00
# Visual Studio Version 17
VisualStudioVersion = 17.5.33502.453
MinimumVisualStudioVersion = 10.0.40219.1
Project("{FAE04EC0-301F-11D3-BF4B-00C04F79EFBC}") = "continueprog 1", "continueprog 1\continueprog 1.csproj", "{A1D016D1-A60E-4223-AEAE-407300109631}"
EndProject
Global
	GlobalSection(SolutionConfigurationPlatforms) = preSolution
		Debug|Any CPU = Debug|Any CPU
		Release|Any CPU = Release|Any CPU
	EndGlobalSection
	GlobalSection(ProjectConfigurationPlatforms) = postSolution
		{A1D016D1-A60E-4223-AEAE-407300109631}.Debug|Any CPU.ActiveCfg = Debug|Any CPU
		{A1D016D1-A60E-4223-AEAE-407300109631}.Debug|Any CPU.Build.0 = Debug|Any CPU
		{A1D016D1-A60E-4223-AEAE-407300109631}.Release|Any CPU.ActiveCfg = Release|Any CPU
		{A1D016D1-A60E-4223-AEAE-407300109631}.Release|Any CPU.Build.0 = Release|Any CPU
	EndGlobalSection
	GlobalSection(SolutionProperties) = preSolution
		HideSolutionNode = FALSE
	EndGlobalSection
	GlobalSection(ExtensibilityGlobals) = postSolution
		SolutionGuid = {517E7D28-70EC-42F1-8FA5-68D652C7319F}
	EndGlobalSection
EndGlobal
