
Microsoft Visual Studio Solution File, Format Version 12.00
# Visual Studio Version 17
VisualStudioVersion = 17.6.33723.286
MinimumVisualStudioVersion = 10.0.40219.1
Project("{FAE04EC0-301F-11D3-BF4B-00C04F79EFBC}") = "Cookies", "Cookies\Cookies.csproj", "{5D90E918-C462-412A-BE50-4F36E679009B}"
EndProject
Global
	GlobalSection(SolutionConfigurationPlatforms) = preSolution
		Debug|Any CPU = Debug|Any CPU
		Release|Any CPU = Release|Any CPU
	EndGlobalSection
	GlobalSection(ProjectConfigurationPlatforms) = postSolution
		{5D90E918-C462-412A-BE50-4F36E679009B}.Debug|Any CPU.ActiveCfg = Debug|Any CPU
		{5D90E918-C462-412A-BE50-4F36E679009B}.Debug|Any CPU.Build.0 = Debug|Any CPU
		{5D90E918-C462-412A-BE50-4F36E679009B}.Release|Any CPU.ActiveCfg = Release|Any CPU
		{5D90E918-C462-412A-BE50-4F36E679009B}.Release|Any CPU.Build.0 = Release|Any CPU
	EndGlobalSection
	GlobalSection(SolutionProperties) = preSolution
		HideSolutionNode = FALSE
	EndGlobalSection
	GlobalSection(ExtensibilityGlobals) = postSolution
		SolutionGuid = {23EF87D2-FFC1-4E1B-9E39-B1ED8ED87705}
	EndGlobalSection
EndGlobal
