
Microsoft Visual Studio Solution File, Format Version 12.00
# Visual Studio Version 17
VisualStudioVersion = 17.5.33502.453
MinimumVisualStudioVersion = 10.0.40219.1
Project("{FAE04EC0-301F-11D3-BF4B-00C04F79EFBC}") = "defaultconstructor withoutparameter", "defaultconstructor withoutparameter\defaultconstructor withoutparameter.csproj", "{1C0F45D7-E626-4588-9796-7E318CC58A21}"
EndProject
Global
	GlobalSection(SolutionConfigurationPlatforms) = preSolution
		Debug|Any CPU = Debug|Any CPU
		Release|Any CPU = Release|Any CPU
	EndGlobalSection
	GlobalSection(ProjectConfigurationPlatforms) = postSolution
		{1C0F45D7-E626-4588-9796-7E318CC58A21}.Debug|Any CPU.ActiveCfg = Debug|Any CPU
		{1C0F45D7-E626-4588-9796-7E318CC58A21}.Debug|Any CPU.Build.0 = Debug|Any CPU
		{1C0F45D7-E626-4588-9796-7E318CC58A21}.Release|Any CPU.ActiveCfg = Release|Any CPU
		{1C0F45D7-E626-4588-9796-7E318CC58A21}.Release|Any CPU.Build.0 = Release|Any CPU
	EndGlobalSection
	GlobalSection(SolutionProperties) = preSolution
		HideSolutionNode = FALSE
	EndGlobalSection
	GlobalSection(ExtensibilityGlobals) = postSolution
		SolutionGuid = {B410724C-6AAB-4A91-953B-38318B48B77A}
	EndGlobalSection
EndGlobal
