
Microsoft Visual Studio Solution File, Format Version 12.00
# Visual Studio Version 17
VisualStudioVersion = 17.6.33723.286
MinimumVisualStudioVersion = 10.0.40219.1
Project("{FAE04EC0-301F-11D3-BF4B-00C04F79EFBC}") = "ASPproj4", "ASPproj4\ASPproj4.csproj", "{9746A381-C2C6-43E9-9C40-789CF81ED991}"
EndProject
Global
	GlobalSection(SolutionConfigurationPlatforms) = preSolution
		Debug|Any CPU = Debug|Any CPU
		Release|Any CPU = Release|Any CPU
	EndGlobalSection
	GlobalSection(ProjectConfigurationPlatforms) = postSolution
		{9746A381-C2C6-43E9-9C40-789CF81ED991}.Debug|Any CPU.ActiveCfg = Debug|Any CPU
		{9746A381-C2C6-43E9-9C40-789CF81ED991}.Debug|Any CPU.Build.0 = Debug|Any CPU
		{9746A381-C2C6-43E9-9C40-789CF81ED991}.Release|Any CPU.ActiveCfg = Release|Any CPU
		{9746A381-C2C6-43E9-9C40-789CF81ED991}.Release|Any CPU.Build.0 = Release|Any CPU
	EndGlobalSection
	GlobalSection(SolutionProperties) = preSolution
		HideSolutionNode = FALSE
	EndGlobalSection
	GlobalSection(ExtensibilityGlobals) = postSolution
		SolutionGuid = {31A5FD3A-70A0-459A-B89B-86C430B86AD7}
	EndGlobalSection
EndGlobal
