
Microsoft Visual Studio Solution File, Format Version 12.00
# Visual Studio Version 17
VisualStudioVersion = 17.5.33502.453
MinimumVisualStudioVersion = 10.0.40219.1
Project("{FAE04EC0-301F-11D3-BF4B-00C04F79EFBC}") = "long number", "long number\long number.csproj", "{450881BE-13D6-4825-8ACB-5BD0F773C424}"
EndProject
Global
	GlobalSection(SolutionConfigurationPlatforms) = preSolution
		Debug|Any CPU = Debug|Any CPU
		Release|Any CPU = Release|Any CPU
	EndGlobalSection
	GlobalSection(ProjectConfigurationPlatforms) = postSolution
		{450881BE-13D6-4825-8ACB-5BD0F773C424}.Debug|Any CPU.ActiveCfg = Debug|Any CPU
		{450881BE-13D6-4825-8ACB-5BD0F773C424}.Debug|Any CPU.Build.0 = Debug|Any CPU
		{450881BE-13D6-4825-8ACB-5BD0F773C424}.Release|Any CPU.ActiveCfg = Release|Any CPU
		{450881BE-13D6-4825-8ACB-5BD0F773C424}.Release|Any CPU.Build.0 = Release|Any CPU
	EndGlobalSection
	GlobalSection(SolutionProperties) = preSolution
		HideSolutionNode = FALSE
	EndGlobalSection
	GlobalSection(ExtensibilityGlobals) = postSolution
		SolutionGuid = {9A580F7F-9629-4A7E-913D-2D09C1A247FB}
	EndGlobalSection
EndGlobal
