
Microsoft Visual Studio Solution File, Format Version 12.00
# Visual Studio Version 17
VisualStudioVersion = 17.6.33723.286
MinimumVisualStudioVersion = 10.0.40219.1
Project("{FAE04EC0-301F-11D3-BF4B-00C04F79EFBC}") = "ASPCafeweppage", "ASPCafeweppage\ASPCafeweppage.csproj", "{347B428D-A6CD-4F7A-926B-AA9316CEC134}"
EndProject
Global
	GlobalSection(SolutionConfigurationPlatforms) = preSolution
		Debug|Any CPU = Debug|Any CPU
		Release|Any CPU = Release|Any CPU
	EndGlobalSection
	GlobalSection(ProjectConfigurationPlatforms) = postSolution
		{347B428D-A6CD-4F7A-926B-AA9316CEC134}.Debug|Any CPU.ActiveCfg = Debug|Any CPU
		{347B428D-A6CD-4F7A-926B-AA9316CEC134}.Debug|Any CPU.Build.0 = Debug|Any CPU
		{347B428D-A6CD-4F7A-926B-AA9316CEC134}.Release|Any CPU.ActiveCfg = Release|Any CPU
		{347B428D-A6CD-4F7A-926B-AA9316CEC134}.Release|Any CPU.Build.0 = Release|Any CPU
	EndGlobalSection
	GlobalSection(SolutionProperties) = preSolution
		HideSolutionNode = FALSE
	EndGlobalSection
	GlobalSection(ExtensibilityGlobals) = postSolution
		SolutionGuid = {D8359EE4-030D-4422-B3EE-9DEFED732525}
	EndGlobalSection
EndGlobal
