
Microsoft Visual Studio Solution File, Format Version 12.00
# Visual Studio Version 17
VisualStudioVersion = 17.6.33723.286
MinimumVisualStudioVersion = 10.0.40219.1
Project("{FAE04EC0-301F-11D3-BF4B-00C04F79EFBC}") = "FendalPrep", "FendalPrep\FendalPrep.csproj", "{507369D4-045B-42B8-9765-F59A492FC2C5}"
EndProject
Global
	GlobalSection(SolutionConfigurationPlatforms) = preSolution
		Debug|Any CPU = Debug|Any CPU
		Release|Any CPU = Release|Any CPU
	EndGlobalSection
	GlobalSection(ProjectConfigurationPlatforms) = postSolution
		{507369D4-045B-42B8-9765-F59A492FC2C5}.Debug|Any CPU.ActiveCfg = Debug|Any CPU
		{507369D4-045B-42B8-9765-F59A492FC2C5}.Debug|Any CPU.Build.0 = Debug|Any CPU
		{507369D4-045B-42B8-9765-F59A492FC2C5}.Release|Any CPU.ActiveCfg = Release|Any CPU
		{507369D4-045B-42B8-9765-F59A492FC2C5}.Release|Any CPU.Build.0 = Release|Any CPU
	EndGlobalSection
	GlobalSection(SolutionProperties) = preSolution
		HideSolutionNode = FALSE
	EndGlobalSection
	GlobalSection(ExtensibilityGlobals) = postSolution
		SolutionGuid = {EF8F1E7F-D1FC-4844-A27D-7837467843AA}
	EndGlobalSection
EndGlobal
