
Microsoft Visual Studio Solution File, Format Version 12.00
# Visual Studio Version 17
VisualStudioVersion = 17.5.33502.453
MinimumVisualStudioVersion = 10.0.40219.1
Project("{FAE04EC0-301F-11D3-BF4B-00C04F79EFBC}") = "7 PROG", "7 PROG\7 PROG.csproj", "{763AFFB6-137B-4C17-A20B-5BB4AB77A0FD}"
EndProject
Global
	GlobalSection(SolutionConfigurationPlatforms) = preSolution
		Debug|Any CPU = Debug|Any CPU
		Release|Any CPU = Release|Any CPU
	EndGlobalSection
	GlobalSection(ProjectConfigurationPlatforms) = postSolution
		{763AFFB6-137B-4C17-A20B-5BB4AB77A0FD}.Debug|Any CPU.ActiveCfg = Debug|Any CPU
		{763AFFB6-137B-4C17-A20B-5BB4AB77A0FD}.Debug|Any CPU.Build.0 = Debug|Any CPU
		{763AFFB6-137B-4C17-A20B-5BB4AB77A0FD}.Release|Any CPU.ActiveCfg = Release|Any CPU
		{763AFFB6-137B-4C17-A20B-5BB4AB77A0FD}.Release|Any CPU.Build.0 = Release|Any CPU
	EndGlobalSection
	GlobalSection(SolutionProperties) = preSolution
		HideSolutionNode = FALSE
	EndGlobalSection
	GlobalSection(ExtensibilityGlobals) = postSolution
		SolutionGuid = {FF0718F1-7A4C-47EB-AD59-3337FC2D3984}
	EndGlobalSection
EndGlobal
