
Microsoft Visual Studio Solution File, Format Version 12.00
# Visual Studio Version 17
VisualStudioVersion = 17.6.33723.286
MinimumVisualStudioVersion = 10.0.40219.1
Project("{FAE04EC0-301F-11D3-BF4B-00C04F79EFBC}") = "TemplateIntegration", "TemplateIntegration\TemplateIntegration.csproj", "{6F1C6B4A-30E9-4502-A9F0-40D984D6368E}"
EndProject
Global
	GlobalSection(SolutionConfigurationPlatforms) = preSolution
		Debug|Any CPU = Debug|Any CPU
		Release|Any CPU = Release|Any CPU
	EndGlobalSection
	GlobalSection(ProjectConfigurationPlatforms) = postSolution
		{6F1C6B4A-30E9-4502-A9F0-40D984D6368E}.Debug|Any CPU.ActiveCfg = Debug|Any CPU
		{6F1C6B4A-30E9-4502-A9F0-40D984D6368E}.Debug|Any CPU.Build.0 = Debug|Any CPU
		{6F1C6B4A-30E9-4502-A9F0-40D984D6368E}.Release|Any CPU.ActiveCfg = Release|Any CPU
		{6F1C6B4A-30E9-4502-A9F0-40D984D6368E}.Release|Any CPU.Build.0 = Release|Any CPU
	EndGlobalSection
	GlobalSection(SolutionProperties) = preSolution
		HideSolutionNode = FALSE
	EndGlobalSection
	GlobalSection(ExtensibilityGlobals) = postSolution
		SolutionGuid = {F44AB48D-D8FF-4044-94EA-86BE7C469C63}
	EndGlobalSection
EndGlobal
