
Microsoft Visual Studio Solution File, Format Version 12.00
# Visual Studio Version 17
VisualStudioVersion = 17.5.33502.453
MinimumVisualStudioVersion = 10.0.40219.1
Project("{FAE04EC0-301F-11D3-BF4B-00C04F79EFBC}") = "sortprogram", "sortprogram\sortprogram.csproj", "{ECD12D86-BD5D-4ED8-BA5D-B5FCAAD62AD9}"
EndProject
Global
	GlobalSection(SolutionConfigurationPlatforms) = preSolution
		Debug|Any CPU = Debug|Any CPU
		Release|Any CPU = Release|Any CPU
	EndGlobalSection
	GlobalSection(ProjectConfigurationPlatforms) = postSolution
		{ECD12D86-BD5D-4ED8-BA5D-B5FCAAD62AD9}.Debug|Any CPU.ActiveCfg = Debug|Any CPU
		{ECD12D86-BD5D-4ED8-BA5D-B5FCAAD62AD9}.Debug|Any CPU.Build.0 = Debug|Any CPU
		{ECD12D86-BD5D-4ED8-BA5D-B5FCAAD62AD9}.Release|Any CPU.ActiveCfg = Release|Any CPU
		{ECD12D86-BD5D-4ED8-BA5D-B5FCAAD62AD9}.Release|Any CPU.Build.0 = Release|Any CPU
	EndGlobalSection
	GlobalSection(SolutionProperties) = preSolution
		HideSolutionNode = FALSE
	EndGlobalSection
	GlobalSection(ExtensibilityGlobals) = postSolution
		SolutionGuid = {73F58665-982A-4765-AF57-94B74723E956}
	EndGlobalSection
EndGlobal
