
Microsoft Visual Studio Solution File, Format Version 12.00
# Visual Studio Version 17
VisualStudioVersion = 17.5.33502.453
MinimumVisualStudioVersion = 10.0.40219.1
Project("{FAE04EC0-301F-11D3-BF4B-00C04F79EFBC}") = "ado2", "ado2\ado2.csproj", "{F7D2B33E-23D3-4AC8-8B82-7ECEB2B2466B}"
EndProject
Global
	GlobalSection(SolutionConfigurationPlatforms) = preSolution
		Debug|Any CPU = Debug|Any CPU
		Release|Any CPU = Release|Any CPU
	EndGlobalSection
	GlobalSection(ProjectConfigurationPlatforms) = postSolution
		{F7D2B33E-23D3-4AC8-8B82-7ECEB2B2466B}.Debug|Any CPU.ActiveCfg = Debug|Any CPU
		{F7D2B33E-23D3-4AC8-8B82-7ECEB2B2466B}.Debug|Any CPU.Build.0 = Debug|Any CPU
		{F7D2B33E-23D3-4AC8-8B82-7ECEB2B2466B}.Release|Any CPU.ActiveCfg = Release|Any CPU
		{F7D2B33E-23D3-4AC8-8B82-7ECEB2B2466B}.Release|Any CPU.Build.0 = Release|Any CPU
	EndGlobalSection
	GlobalSection(SolutionProperties) = preSolution
		HideSolutionNode = FALSE
	EndGlobalSection
	GlobalSection(ExtensibilityGlobals) = postSolution
		SolutionGuid = {D29BAC5B-5617-49A5-88D4-5BF1113F34A8}
	EndGlobalSection
EndGlobal
