
Microsoft Visual Studio Solution File, Format Version 12.00
# Visual Studio Version 17
VisualStudioVersion = 17.5.33502.453
MinimumVisualStudioVersion = 10.0.40219.1
Project("{FAE04EC0-301F-11D3-BF4B-00C04F79EFBC}") = "5 prog", "5 prog\5 prog.csproj", "{7725F8CD-A731-4E24-9CFC-8AE260F9E789}"
EndProject
Global
	GlobalSection(SolutionConfigurationPlatforms) = preSolution
		Debug|Any CPU = Debug|Any CPU
		Release|Any CPU = Release|Any CPU
	EndGlobalSection
	GlobalSection(ProjectConfigurationPlatforms) = postSolution
		{7725F8CD-A731-4E24-9CFC-8AE260F9E789}.Debug|Any CPU.ActiveCfg = Debug|Any CPU
		{7725F8CD-A731-4E24-9CFC-8AE260F9E789}.Debug|Any CPU.Build.0 = Debug|Any CPU
		{7725F8CD-A731-4E24-9CFC-8AE260F9E789}.Release|Any CPU.ActiveCfg = Release|Any CPU
		{7725F8CD-A731-4E24-9CFC-8AE260F9E789}.Release|Any CPU.Build.0 = Release|Any CPU
	EndGlobalSection
	GlobalSection(SolutionProperties) = preSolution
		HideSolutionNode = FALSE
	EndGlobalSection
	GlobalSection(ExtensibilityGlobals) = postSolution
		SolutionGuid = {61366941-55CE-41D1-BF40-221FAA6C4C28}
	EndGlobalSection
EndGlobal
