
Microsoft Visual Studio Solution File, Format Version 12.00
# Visual Studio Version 17
VisualStudioVersion = 17.5.33502.453
MinimumVisualStudioVersion = 10.0.40219.1
Project("{FAE04EC0-301F-11D3-BF4B-00C04F79EFBC}") = "evenodd goto", "evenodd goto\evenodd goto.csproj", "{DC2785AE-2E18-453D-A8D9-43062CD270C0}"
EndProject
Global
	GlobalSection(SolutionConfigurationPlatforms) = preSolution
		Debug|Any CPU = Debug|Any CPU
		Release|Any CPU = Release|Any CPU
	EndGlobalSection
	GlobalSection(ProjectConfigurationPlatforms) = postSolution
		{DC2785AE-2E18-453D-A8D9-43062CD270C0}.Debug|Any CPU.ActiveCfg = Debug|Any CPU
		{DC2785AE-2E18-453D-A8D9-43062CD270C0}.Debug|Any CPU.Build.0 = Debug|Any CPU
		{DC2785AE-2E18-453D-A8D9-43062CD270C0}.Release|Any CPU.ActiveCfg = Release|Any CPU
		{DC2785AE-2E18-453D-A8D9-43062CD270C0}.Release|Any CPU.Build.0 = Release|Any CPU
	EndGlobalSection
	GlobalSection(SolutionProperties) = preSolution
		HideSolutionNode = FALSE
	EndGlobalSection
	GlobalSection(ExtensibilityGlobals) = postSolution
		SolutionGuid = {582B78E3-FB93-4820-A3D5-94AB25BE165F}
	EndGlobalSection
EndGlobal
