
Microsoft Visual Studio Solution File, Format Version 12.00
# Visual Studio Version 17
VisualStudioVersion = 17.5.33502.453
MinimumVisualStudioVersion = 10.0.40219.1
Project("{FAE04EC0-301F-11D3-BF4B-00C04F79EFBC}") = "short number", "short number\short number.csproj", "{498382F8-2D47-4C9F-9F21-9929D09BAD7E}"
EndProject
Global
	GlobalSection(SolutionConfigurationPlatforms) = preSolution
		Debug|Any CPU = Debug|Any CPU
		Release|Any CPU = Release|Any CPU
	EndGlobalSection
	GlobalSection(ProjectConfigurationPlatforms) = postSolution
		{498382F8-2D47-4C9F-9F21-9929D09BAD7E}.Debug|Any CPU.ActiveCfg = Debug|Any CPU
		{498382F8-2D47-4C9F-9F21-9929D09BAD7E}.Debug|Any CPU.Build.0 = Debug|Any CPU
		{498382F8-2D47-4C9F-9F21-9929D09BAD7E}.Release|Any CPU.ActiveCfg = Release|Any CPU
		{498382F8-2D47-4C9F-9F21-9929D09BAD7E}.Release|Any CPU.Build.0 = Release|Any CPU
	EndGlobalSection
	GlobalSection(SolutionProperties) = preSolution
		HideSolutionNode = FALSE
	EndGlobalSection
	GlobalSection(ExtensibilityGlobals) = postSolution
		SolutionGuid = {118452C1-7B21-4958-9A96-A28966E04733}
	EndGlobalSection
EndGlobal
