
Microsoft Visual Studio Solution File, Format Version 12.00
# Visual Studio Version 17
VisualStudioVersion = 17.6.33723.286
MinimumVisualStudioVersion = 10.0.40219.1
Project("{FAE04EC0-301F-11D3-BF4B-00C04F79EFBC}") = "AspWebForm4", "AspWebForm4\AspWebForm4.csproj", "{6F673AE4-F8C8-440A-B7FE-B0AAB10E1FFE}"
EndProject
Global
	GlobalSection(SolutionConfigurationPlatforms) = preSolution
		Debug|Any CPU = Debug|Any CPU
		Release|Any CPU = Release|Any CPU
	EndGlobalSection
	GlobalSection(ProjectConfigurationPlatforms) = postSolution
		{6F673AE4-F8C8-440A-B7FE-B0AAB10E1FFE}.Debug|Any CPU.ActiveCfg = Debug|Any CPU
		{6F673AE4-F8C8-440A-B7FE-B0AAB10E1FFE}.Debug|Any CPU.Build.0 = Debug|Any CPU
		{6F673AE4-F8C8-440A-B7FE-B0AAB10E1FFE}.Release|Any CPU.ActiveCfg = Release|Any CPU
		{6F673AE4-F8C8-440A-B7FE-B0AAB10E1FFE}.Release|Any CPU.Build.0 = Release|Any CPU
	EndGlobalSection
	GlobalSection(SolutionProperties) = preSolution
		HideSolutionNode = FALSE
	EndGlobalSection
	GlobalSection(ExtensibilityGlobals) = postSolution
		SolutionGuid = {5BEB77A2-E347-4E0D-A778-756FE2C8AC0B}
	EndGlobalSection
EndGlobal
