
Microsoft Visual Studio Solution File, Format Version 12.00
# Visual Studio Version 17
VisualStudioVersion = 17.5.33502.453
MinimumVisualStudioVersion = 10.0.40219.1
Project("{FAE04EC0-301F-11D3-BF4B-00C04F79EFBC}") = "singlelevel inheritance", "singlelevel inheritance\singlelevel inheritance.csproj", "{ED42DD27-ADF4-437D-AFA8-AB89DECEF832}"
EndProject
Global
	GlobalSection(SolutionConfigurationPlatforms) = preSolution
		Debug|Any CPU = Debug|Any CPU
		Release|Any CPU = Release|Any CPU
	EndGlobalSection
	GlobalSection(ProjectConfigurationPlatforms) = postSolution
		{ED42DD27-ADF4-437D-AFA8-AB89DECEF832}.Debug|Any CPU.ActiveCfg = Debug|Any CPU
		{ED42DD27-ADF4-437D-AFA8-AB89DECEF832}.Debug|Any CPU.Build.0 = Debug|Any CPU
		{ED42DD27-ADF4-437D-AFA8-AB89DECEF832}.Release|Any CPU.ActiveCfg = Release|Any CPU
		{ED42DD27-ADF4-437D-AFA8-AB89DECEF832}.Release|Any CPU.Build.0 = Release|Any CPU
	EndGlobalSection
	GlobalSection(SolutionProperties) = preSolution
		HideSolutionNode = FALSE
	EndGlobalSection
	GlobalSection(ExtensibilityGlobals) = postSolution
		SolutionGuid = {F7122073-061F-415B-8719-FD1898B25FBC}
	EndGlobalSection
EndGlobal
