
Microsoft Visual Studio Solution File, Format Version 12.00
# Visual Studio Version 17
VisualStudioVersion = 17.6.33723.286
MinimumVisualStudioVersion = 10.0.40219.1
Project("{FAE04EC0-301F-11D3-BF4B-00C04F79EFBC}") = "ASPproj8", "ASPproj8\ASPproj8.csproj", "{B40A938E-18C8-429E-8179-05A8AA942124}"
EndProject
Global
	GlobalSection(SolutionConfigurationPlatforms) = preSolution
		Debug|Any CPU = Debug|Any CPU
		Release|Any CPU = Release|Any CPU
	EndGlobalSection
	GlobalSection(ProjectConfigurationPlatforms) = postSolution
		{B40A938E-18C8-429E-8179-05A8AA942124}.Debug|Any CPU.ActiveCfg = Debug|Any CPU
		{B40A938E-18C8-429E-8179-05A8AA942124}.Debug|Any CPU.Build.0 = Debug|Any CPU
		{B40A938E-18C8-429E-8179-05A8AA942124}.Release|Any CPU.ActiveCfg = Release|Any CPU
		{B40A938E-18C8-429E-8179-05A8AA942124}.Release|Any CPU.Build.0 = Release|Any CPU
	EndGlobalSection
	GlobalSection(SolutionProperties) = preSolution
		HideSolutionNode = FALSE
	EndGlobalSection
	GlobalSection(ExtensibilityGlobals) = postSolution
		SolutionGuid = {FDED486B-4C67-4605-ACB4-DE5D33373D97}
	EndGlobalSection
EndGlobal
