
Microsoft Visual Studio Solution File, Format Version 12.00
# Visual Studio Version 17
VisualStudioVersion = 17.5.33502.453
MinimumVisualStudioVersion = 10.0.40219.1
Project("{FAE04EC0-301F-11D3-BF4B-00C04F79EFBC}") = "method5", "method5\method5.csproj", "{36FDC1DB-4035-4B90-AC29-D2152D8DFA70}"
EndProject
Global
	GlobalSection(SolutionConfigurationPlatforms) = preSolution
		Debug|Any CPU = Debug|Any CPU
		Release|Any CPU = Release|Any CPU
	EndGlobalSection
	GlobalSection(ProjectConfigurationPlatforms) = postSolution
		{36FDC1DB-4035-4B90-AC29-D2152D8DFA70}.Debug|Any CPU.ActiveCfg = Debug|Any CPU
		{36FDC1DB-4035-4B90-AC29-D2152D8DFA70}.Debug|Any CPU.Build.0 = Debug|Any CPU
		{36FDC1DB-4035-4B90-AC29-D2152D8DFA70}.Release|Any CPU.ActiveCfg = Release|Any CPU
		{36FDC1DB-4035-4B90-AC29-D2152D8DFA70}.Release|Any CPU.Build.0 = Release|Any CPU
	EndGlobalSection
	GlobalSection(SolutionProperties) = preSolution
		HideSolutionNode = FALSE
	EndGlobalSection
	GlobalSection(ExtensibilityGlobals) = postSolution
		SolutionGuid = {7D7521B9-CC12-4FD0-9B6B-A83284CA04A6}
	EndGlobalSection
EndGlobal
