
Microsoft Visual Studio Solution File, Format Version 12.00
# Visual Studio Version 17
VisualStudioVersion = 17.5.33502.453
MinimumVisualStudioVersion = 10.0.40219.1
Project("{FAE04EC0-301F-11D3-BF4B-00C04F79EFBC}") = "sum assign3", "sum assign3\sum assign3.csproj", "{8380EC29-BC44-4951-8DBA-832B9B52A3D4}"
EndProject
Global
	GlobalSection(SolutionConfigurationPlatforms) = preSolution
		Debug|Any CPU = Debug|Any CPU
		Release|Any CPU = Release|Any CPU
	EndGlobalSection
	GlobalSection(ProjectConfigurationPlatforms) = postSolution
		{8380EC29-BC44-4951-8DBA-832B9B52A3D4}.Debug|Any CPU.ActiveCfg = Debug|Any CPU
		{8380EC29-BC44-4951-8DBA-832B9B52A3D4}.Debug|Any CPU.Build.0 = Debug|Any CPU
		{8380EC29-BC44-4951-8DBA-832B9B52A3D4}.Release|Any CPU.ActiveCfg = Release|Any CPU
		{8380EC29-BC44-4951-8DBA-832B9B52A3D4}.Release|Any CPU.Build.0 = Release|Any CPU
	EndGlobalSection
	GlobalSection(SolutionProperties) = preSolution
		HideSolutionNode = FALSE
	EndGlobalSection
	GlobalSection(ExtensibilityGlobals) = postSolution
		SolutionGuid = {8A1BCF0F-4637-4374-93B1-FCF5DFCC5C4E}
	EndGlobalSection
EndGlobal
