
Microsoft Visual Studio Solution File, Format Version 12.00
# Visual Studio Version 17
VisualStudioVersion = 17.5.33502.453
MinimumVisualStudioVersion = 10.0.40219.1
Project("{FAE04EC0-301F-11D3-BF4B-00C04F79EFBC}") = "oops prog4", "oops prog4\oops prog4.csproj", "{E16D585F-79FD-4FD2-86EB-6BA1F6016819}"
EndProject
Global
	GlobalSection(SolutionConfigurationPlatforms) = preSolution
		Debug|Any CPU = Debug|Any CPU
		Release|Any CPU = Release|Any CPU
	EndGlobalSection
	GlobalSection(ProjectConfigurationPlatforms) = postSolution
		{E16D585F-79FD-4FD2-86EB-6BA1F6016819}.Debug|Any CPU.ActiveCfg = Debug|Any CPU
		{E16D585F-79FD-4FD2-86EB-6BA1F6016819}.Debug|Any CPU.Build.0 = Debug|Any CPU
		{E16D585F-79FD-4FD2-86EB-6BA1F6016819}.Release|Any CPU.ActiveCfg = Release|Any CPU
		{E16D585F-79FD-4FD2-86EB-6BA1F6016819}.Release|Any CPU.Build.0 = Release|Any CPU
	EndGlobalSection
	GlobalSection(SolutionProperties) = preSolution
		HideSolutionNode = FALSE
	EndGlobalSection
	GlobalSection(ExtensibilityGlobals) = postSolution
		SolutionGuid = {9E4D26FD-EAF8-4778-B372-517348F43115}
	EndGlobalSection
EndGlobal
