
Microsoft Visual Studio Solution File, Format Version 12.00
# Visual Studio Version 17
VisualStudioVersion = 17.5.33502.453
MinimumVisualStudioVersion = 10.0.40219.1
Project("{FAE04EC0-301F-11D3-BF4B-00C04F79EFBC}") = "sealedMethod", "sealedMethod\sealedMethod.csproj", "{D3A7EE56-F3D4-4251-912C-67539076C368}"
EndProject
Global
	GlobalSection(SolutionConfigurationPlatforms) = preSolution
		Debug|Any CPU = Debug|Any CPU
		Release|Any CPU = Release|Any CPU
	EndGlobalSection
	GlobalSection(ProjectConfigurationPlatforms) = postSolution
		{D3A7EE56-F3D4-4251-912C-67539076C368}.Debug|Any CPU.ActiveCfg = Debug|Any CPU
		{D3A7EE56-F3D4-4251-912C-67539076C368}.Debug|Any CPU.Build.0 = Debug|Any CPU
		{D3A7EE56-F3D4-4251-912C-67539076C368}.Release|Any CPU.ActiveCfg = Release|Any CPU
		{D3A7EE56-F3D4-4251-912C-67539076C368}.Release|Any CPU.Build.0 = Release|Any CPU
	EndGlobalSection
	GlobalSection(SolutionProperties) = preSolution
		HideSolutionNode = FALSE
	EndGlobalSection
	GlobalSection(ExtensibilityGlobals) = postSolution
		SolutionGuid = {EB04871D-68B1-4936-A97F-5620E1C15751}
	EndGlobalSection
EndGlobal
